
Microsoft Visual Studio Solution File, Format Version 12.00
# Visual Studio 2017
Project("{FAE04EC0-301F-11D3-BF4B-00C04F79EFBC}") = "CityGiants", "CityGiants.csproj", "{285FE43E-004D-616A-B61D-1B1E75C9CBE0}"
EndProject
Project("{FAE04EC0-301F-11D3-BF4B-00C04F79EFBC}") = "CityGiants.Editor", "CityGiants.Editor.csproj", "{F077CC21-2AC9-85CB-C9C3-76205FA410DC}"
EndProject
Global
	GlobalSection(SolutionConfigurationPlatforms) = preSolution
		Debug|Any CPU = Debug|Any CPU
		Release|Any CPU = Release|Any CPU
	EndGlobalSection
	GlobalSection(ProjectConfigurationPlatforms) = postSolution
		{285FE43E-004D-616A-B61D-1B1E75C9CBE0}.Debug|Any CPU.ActiveCfg = Debug|Any CPU
		{285FE43E-004D-616A-B61D-1B1E75C9CBE0}.Debug|Any CPU.Build.0 = Debug|Any CPU
		{285FE43E-004D-616A-B61D-1B1E75C9CBE0}.Release|Any CPU.ActiveCfg = Release|Any CPU
		{285FE43E-004D-616A-B61D-1B1E75C9CBE0}.Release|Any CPU.Build.0 = Release|Any CPU
		{F077CC21-2AC9-85CB-C9C3-76205FA410DC}.Debug|Any CPU.ActiveCfg = Debug|Any CPU
		{F077CC21-2AC9-85CB-C9C3-76205FA410DC}.Debug|Any CPU.Build.0 = Debug|Any CPU
		{F077CC21-2AC9-85CB-C9C3-76205FA410DC}.Release|Any CPU.ActiveCfg = Release|Any CPU
		{F077CC21-2AC9-85CB-C9C3-76205FA410DC}.Release|Any CPU.Build.0 = Release|Any CPU
	EndGlobalSection
	GlobalSection(SolutionProperties) = preSolution
		HideSolutionNode = FALSE
	EndGlobalSection
EndGlobal
