
Microsoft Visual Studio Solution File, Format Version 12.00
# Visual Studio 2015
Project("{FAE04EC0-301F-11D3-BF4B-00C04F79EFBC}") = "CityGiants.CSharp", "CityGiants.CSharp.csproj", "{CDC2441A-A3F6-7798-481E-39BA2B7AAFFA}"
EndProject
Project("{FAE04EC0-301F-11D3-BF4B-00C04F79EFBC}") = "CityGiants.CSharp.Editor", "CityGiants.CSharp.Editor.csproj", "{C9EF6DDC-E6A0-14F4-E128-363CE2FF5743}"
EndProject
Global
	GlobalSection(SolutionConfigurationPlatforms) = preSolution
		Debug|Any CPU = Debug|Any CPU
		Release|Any CPU = Release|Any CPU
	EndGlobalSection
	GlobalSection(ProjectConfigurationPlatforms) = postSolution
		{CDC2441A-A3F6-7798-481E-39BA2B7AAFFA}.Debug|Any CPU.ActiveCfg = Debug|Any CPU
		{CDC2441A-A3F6-7798-481E-39BA2B7AAFFA}.Debug|Any CPU.Build.0 = Debug|Any CPU
		{CDC2441A-A3F6-7798-481E-39BA2B7AAFFA}.Release|Any CPU.ActiveCfg = Release|Any CPU
		{CDC2441A-A3F6-7798-481E-39BA2B7AAFFA}.Release|Any CPU.Build.0 = Release|Any CPU
		{C9EF6DDC-E6A0-14F4-E128-363CE2FF5743}.Debug|Any CPU.ActiveCfg = Debug|Any CPU
		{C9EF6DDC-E6A0-14F4-E128-363CE2FF5743}.Debug|Any CPU.Build.0 = Debug|Any CPU
		{C9EF6DDC-E6A0-14F4-E128-363CE2FF5743}.Release|Any CPU.ActiveCfg = Release|Any CPU
		{C9EF6DDC-E6A0-14F4-E128-363CE2FF5743}.Release|Any CPU.Build.0 = Release|Any CPU
	EndGlobalSection
	GlobalSection(SolutionProperties) = preSolution
		HideSolutionNode = FALSE
	EndGlobalSection
EndGlobal
